
Microsoft Visual Studio Solution File, Format Version 12.00
# Visual Studio Version 17
VisualStudioVersion = 17.14.36221.1 d17.14
MinimumVisualStudioVersion = 10.0.40219.1
Project("{C9674DCB-5085-4A16-B785-4C70DD1589BD}") = "Airline-DWH-ETL", "Airline-DWH-ETL\Airline-DWH-ETL.dtproj", "{FEF1957B-61DE-1A04-C8B2-0448630EAF02}"
EndProject
Global
	GlobalSection(SolutionConfigurationPlatforms) = preSolution
		Development|Default = Development|Default
	EndGlobalSection
	GlobalSection(ProjectConfigurationPlatforms) = postSolution
		{FEF1957B-61DE-1A04-C8B2-0448630EAF02}.Development|Default.ActiveCfg = Development
		{FEF1957B-61DE-1A04-C8B2-0448630EAF02}.Development|Default.Build.0 = Development
	EndGlobalSection
	GlobalSection(SolutionProperties) = preSolution
		HideSolutionNode = FALSE
	EndGlobalSection
	GlobalSection(ExtensibilityGlobals) = postSolution
		SolutionGuid = {AC310476-8646-43E9-8B5A-45E4694208AC}
	EndGlobalSection
EndGlobal
